
Microsoft Visual Studio Solution File, Format Version 12.00
# Visual Studio 15
VisualStudioVersion = 15.0.27703.2035
MinimumVisualStudioVersion = 10.0.40219.1
Project("{FAE04EC0-301F-11D3-BF4B-00C04F79EFBC}") = "Projeto2WebApi", "Projeto2WebApi\Projeto2WebApi.csproj", "{FAADEB05-F8C4-4C52-9181-39A33F35C27A}"
EndProject
Global
	GlobalSection(SolutionConfigurationPlatforms) = preSolution
		Debug|Any CPU = Debug|Any CPU
		Release|Any CPU = Release|Any CPU
	EndGlobalSection
	GlobalSection(ProjectConfigurationPlatforms) = postSolution
		{FAADEB05-F8C4-4C52-9181-39A33F35C27A}.Debug|Any CPU.ActiveCfg = Debug|Any CPU
		{FAADEB05-F8C4-4C52-9181-39A33F35C27A}.Debug|Any CPU.Build.0 = Debug|Any CPU
		{FAADEB05-F8C4-4C52-9181-39A33F35C27A}.Release|Any CPU.ActiveCfg = Release|Any CPU
		{FAADEB05-F8C4-4C52-9181-39A33F35C27A}.Release|Any CPU.Build.0 = Release|Any CPU
	EndGlobalSection
	GlobalSection(SolutionProperties) = preSolution
		HideSolutionNode = FALSE
	EndGlobalSection
	GlobalSection(ExtensibilityGlobals) = postSolution
		SolutionGuid = {B6ADD19E-43BF-4E23-A551-FBDE541530F0}
	EndGlobalSection
EndGlobal
